// !$*UTF8*$!
{
	archiveVersion = 1;
	classes = {
	};
	objectVersion = 50;
	objects = {

/* Begin PBXBuildFile section */
		5F32854F261CE91600CABD04 /* hopper_helper.h in Headers */ = {isa = PBXBuildFile; fileRef = 5F32854E261CE91600CABD04 /* hopper_helper.h */; };
		5F328551261CE91600CABD04 /* hopper_helper.m in Sources */ = {isa = PBXBuildFile; fileRef = 5F328550261CE91600CABD04 /* hopper_helper.m */; };
		5FCA9B462622CE140054C807 /* launcher.h in Headers */ = {isa = PBXBuildFile; fileRef = 5FCA9B452622CE140054C807 /* launcher.h */; };
		5FCA9B482622CE140054C807 /* launcher.m in Sources */ = {isa = PBXBuildFile; fileRef = 5FCA9B472622CE140054C807 /* launcher.m */; };
		E0194EACE8FC9F78DCA27875 /* libPods-hopper_helper.a in Frameworks */ = {isa = PBXBuildFile; fileRef = E56DEAEA3180466D48958855 /* libPods-hopper_helper.a */; };
/* End PBXBuildFile section */

/* Begin PBXFileReference section */
		5F32854B261CE91600CABD04 /* libhopper_helper.dylib */ = {isa = PBXFileReference; explicitFileType = "compiled.mach-o.dylib"; includeInIndex = 0; path = libhopper_helper.dylib; sourceTree = BUILT_PRODUCTS_DIR; };
		5F32854E261CE91600CABD04 /* hopper_helper.h */ = {isa = PBXFileReference; lastKnownFileType = sourcecode.c.h; path = hopper_helper.h; sourceTree = "<group>"; };
		5F328550261CE91600CABD04 /* hopper_helper.m */ = {isa = PBXFileReference; lastKnownFileType = sourcecode.c.objc; path = hopper_helper.m; sourceTree = "<group>"; };
		5FCA9B432622CE140054C807 /* liblauncher.dylib */ = {isa = PBXFileReference; explicitFileType = "compiled.mach-o.dylib"; includeInIndex = 0; path = liblauncher.dylib; sourceTree = BUILT_PRODUCTS_DIR; };
		5FCA9B452622CE140054C807 /* launcher.h */ = {isa = PBXFileReference; lastKnownFileType = sourcecode.c.h; path = launcher.h; sourceTree = "<group>"; };
		5FCA9B472622CE140054C807 /* launcher.m */ = {isa = PBXFileReference; lastKnownFileType = sourcecode.c.objc; path = launcher.m; sourceTree = "<group>"; };
		62335AFBE08F27E997628E29 /* Pods-hopper_helper.release.xcconfig */ = {isa = PBXFileReference; includeInIndex = 1; lastKnownFileType = text.xcconfig; name = "Pods-hopper_helper.release.xcconfig"; path = "Target Support Files/Pods-hopper_helper/Pods-hopper_helper.release.xcconfig"; sourceTree = "<group>"; };
		79966D0A2DF1D1676C31BAED /* Pods-hopper_helper.debug.xcconfig */ = {isa = PBXFileReference; includeInIndex = 1; lastKnownFileType = text.xcconfig; name = "Pods-hopper_helper.debug.xcconfig"; path = "Target Support Files/Pods-hopper_helper/Pods-hopper_helper.debug.xcconfig"; sourceTree = "<group>"; };
		E56DEAEA3180466D48958855 /* libPods-hopper_helper.a */ = {isa = PBXFileReference; explicitFileType = archive.ar; includeInIndex = 0; path = "libPods-hopper_helper.a"; sourceTree = BUILT_PRODUCTS_DIR; };
/* End PBXFileReference section */

/* Begin PBXFrameworksBuildPhase section */
		5F328549261CE91600CABD04 /* Frameworks */ = {
			isa = PBXFrameworksBuildPhase;
			buildActionMask = 2147483647;
			files = (
				E0194EACE8FC9F78DCA27875 /* libPods-hopper_helper.a in Frameworks */,
			);
			runOnlyForDeploymentPostprocessing = 0;
		};
		5FCA9B412622CE140054C807 /* Frameworks */ = {
			isa = PBXFrameworksBuildPhase;
			buildActionMask = 2147483647;
			files = (
			);
			runOnlyForDeploymentPostprocessing = 0;
		};
/* End PBXFrameworksBuildPhase section */

/* Begin PBXGroup section */
		562E4A428974592FBEEE86C4 /* Pods */ = {
			isa = PBXGroup;
			children = (
				79966D0A2DF1D1676C31BAED /* Pods-hopper_helper.debug.xcconfig */,
				62335AFBE08F27E997628E29 /* Pods-hopper_helper.release.xcconfig */,
			);
			path = Pods;
			sourceTree = "<group>";
		};
		5F328542261CE91600CABD04 = {
			isa = PBXGroup;
			children = (
				5F32854D261CE91600CABD04 /* hopper_helper */,
				5FCA9B442622CE140054C807 /* launcher */,
				5F32854C261CE91600CABD04 /* Products */,
				562E4A428974592FBEEE86C4 /* Pods */,
				DD9BF1C8269F08222E4F988C /* Frameworks */,
			);
			sourceTree = "<group>";
		};
		5F32854C261CE91600CABD04 /* Products */ = {
			isa = PBXGroup;
			children = (
				5F32854B261CE91600CABD04 /* libhopper_helper.dylib */,
				5FCA9B432622CE140054C807 /* liblauncher.dylib */,
			);
			name = Products;
			sourceTree = "<group>";
		};
		5F32854D261CE91600CABD04 /* hopper_helper */ = {
			isa = PBXGroup;
			children = (
				5F32854E261CE91600CABD04 /* hopper_helper.h */,
				5F328550261CE91600CABD04 /* hopper_helper.m */,
			);
			path = hopper_helper;
			sourceTree = "<group>";
		};
		5FCA9B442622CE140054C807 /* launcher */ = {
			isa = PBXGroup;
			children = (
				5FCA9B452622CE140054C807 /* launcher.h */,
				5FCA9B472622CE140054C807 /* launcher.m */,
			);
			path = launcher;
			sourceTree = "<group>";
		};
		DD9BF1C8269F08222E4F988C /* Frameworks */ = {
			isa = PBXGroup;
			children = (
				E56DEAEA3180466D48958855 /* libPods-hopper_helper.a */,
			);
			name = Frameworks;
			sourceTree = "<group>";
		};
/* End PBXGroup section */

/* Begin PBXHeadersBuildPhase section */
		5F328547261CE91600CABD04 /* Headers */ = {
			isa = PBXHeadersBuildPhase;
			buildActionMask = 2147483647;
			files = (
				5F32854F261CE91600CABD04 /* hopper_helper.h in Headers */,
			);
			runOnlyForDeploymentPostprocessing = 0;
		};
		5FCA9B3F2622CE140054C807 /* Headers */ = {
			isa = PBXHeadersBuildPhase;
			buildActionMask = 2147483647;
			files = (
				5FCA9B462622CE140054C807 /* launcher.h in Headers */,
			);
			runOnlyForDeploymentPostprocessing = 0;
		};
/* End PBXHeadersBuildPhase section */

/* Begin PBXNativeTarget section */
		5F32854A261CE91600CABD04 /* hopper_helper */ = {
			isa = PBXNativeTarget;
			buildConfigurationList = 5F328554261CE91600CABD04 /* Build configuration list for PBXNativeTarget "hopper_helper" */;
			buildPhases = (
				2D7CB22288160F4B529A4E9F /* [CP] Check Pods Manifest.lock */,
				5F328547261CE91600CABD04 /* Headers */,
				5F328548261CE91600CABD04 /* Sources */,
				5F328549261CE91600CABD04 /* Frameworks */,
				5FCA9B3D2622CCDA0054C807 /* ShellScript */,
			);
			buildRules = (
			);
			dependencies = (
			);
			name = hopper_helper;
			productName = hopper_helper;
			productReference = 5F32854B261CE91600CABD04 /* libhopper_helper.dylib */;
			productType = "com.apple.product-type.library.dynamic";
		};
		5FCA9B422622CE140054C807 /* launcher */ = {
			isa = PBXNativeTarget;
			buildConfigurationList = 5FCA9B492622CE140054C807 /* Build configuration list for PBXNativeTarget "launcher" */;
			buildPhases = (
				5FCA9B3F2622CE140054C807 /* Headers */,
				5FCA9B402622CE140054C807 /* Sources */,
				5FCA9B412622CE140054C807 /* Frameworks */,
			);
			buildRules = (
			);
			dependencies = (
			);
			name = launcher;
			productName = launcher;
			productReference = 5FCA9B432622CE140054C807 /* liblauncher.dylib */;
			productType = "com.apple.product-type.library.dynamic";
		};
/* End PBXNativeTarget section */

/* Begin PBXProject section */
		5F328543261CE91600CABD04 /* Project object */ = {
			isa = PBXProject;
			attributes = {
				LastUpgradeCheck = 1240;
				TargetAttributes = {
					5F32854A261CE91600CABD04 = {
						CreatedOnToolsVersion = 12.4;
					};
					5FCA9B422622CE140054C807 = {
						CreatedOnToolsVersion = 12.4;
					};
				};
			};
			buildConfigurationList = 5F328546261CE91600CABD04 /* Build configuration list for PBXProject "hopper_helper" */;
			compatibilityVersion = "Xcode 9.3";
			developmentRegion = en;
			hasScannedForEncodings = 0;
			knownRegions = (
				en,
				Base,
			);
			mainGroup = 5F328542261CE91600CABD04;
			productRefGroup = 5F32854C261CE91600CABD04 /* Products */;
			projectDirPath = "";
			projectRoot = "";
			targets = (
				5F32854A261CE91600CABD04 /* hopper_helper */,
				5FCA9B422622CE140054C807 /* launcher */,
			);
		};
/* End PBXProject section */

/* Begin PBXShellScriptBuildPhase section */
		2D7CB22288160F4B529A4E9F /* [CP] Check Pods Manifest.lock */ = {
			isa = PBXShellScriptBuildPhase;
			buildActionMask = 2147483647;
			files = (
			);
			inputFileListPaths = (
			);
			inputPaths = (
				"${PODS_PODFILE_DIR_PATH}/Podfile.lock",
				"${PODS_ROOT}/Manifest.lock",
			);
			name = "[CP] Check Pods Manifest.lock";
			outputFileListPaths = (
			);
			outputPaths = (
				"$(DERIVED_FILE_DIR)/Pods-hopper_helper-checkManifestLockResult.txt",
			);
			runOnlyForDeploymentPostprocessing = 0;
			shellPath = /bin/sh;
			shellScript = "diff \"${PODS_PODFILE_DIR_PATH}/Podfile.lock\" \"${PODS_ROOT}/Manifest.lock\" > /dev/null\nif [ $? != 0 ] ; then\n    # print error to STDERR\n    echo \"error: The sandbox is not in sync with the Podfile.lock. Run 'pod install' or update your CocoaPods installation.\" >&2\n    exit 1\nfi\n# This output is used by Xcode 'outputs' to avoid re-running this script phase.\necho \"SUCCESS\" > \"${SCRIPT_OUTPUT_FILE_0}\"\n";
			showEnvVarsInLog = 0;
		};
		5FCA9B3D2622CCDA0054C807 /* ShellScript */ = {
			isa = PBXShellScriptBuildPhase;
			buildActionMask = 2147483647;
			files = (
			);
			inputFileListPaths = (
			);
			inputPaths = (
			);
			outputFileListPaths = (
			);
			outputPaths = (
			);
			runOnlyForDeploymentPostprocessing = 0;
			shellPath = /bin/sh;
			shellScript = "# Type a script or drag a script file from your workspace to insert its path.\n#optool uninstall -p \"/System/Library/Frameworks/SystemConfiguration.framework/Versions/A/SystemConfiguration\" -t \"/Users/ethanarbuckle/Library/Developer/Xcode/DerivedData/hopper_helper-fdadstetzzkavhfyejbkvejwzazs/Build/Products/Debug/libhopper_helper.dylib\"\n\n#optool uninstall -p \"/System/Library/Frameworks/CFNetwork.framework/Versions/A/CFNetwork\" -t \"/Users/ethanarbuckle/Library/Developer/Xcode/DerivedData/hopper_helper-fdadstetzzkavhfyejbkvejwzazs/Build/Products/Debug/libhopper_helper.dylib\"\n\n#optool uninstall -p \"/System/Library/Frameworks/CoreServices.framework/Versions/A/CoreServices\" -t \"/Users/ethanarbuckle/Library/Developer/Xcode/DerivedData/hopper_helper-fdadstetzzkavhfyejbkvejwzazs/Build/Products/Debug/libhopper_helper.dylib\"\n";
		};
/* End PBXShellScriptBuildPhase section */

/* Begin PBXSourcesBuildPhase section */
		5F328548261CE91600CABD04 /* Sources */ = {
			isa = PBXSourcesBuildPhase;
			buildActionMask = 2147483647;
			files = (
				5F328551261CE91600CABD04 /* hopper_helper.m in Sources */,
			);
			runOnlyForDeploymentPostprocessing = 0;
		};
		5FCA9B402622CE140054C807 /* Sources */ = {
			isa = PBXSourcesBuildPhase;
			buildActionMask = 2147483647;
			files = (
				5FCA9B482622CE140054C807 /* launcher.m in Sources */,
			);
			runOnlyForDeploymentPostprocessing = 0;
		};
/* End PBXSourcesBuildPhase section */

/* Begin XCBuildConfiguration section */
		5F328552261CE91600CABD04 /* Debug */ = {
			isa = XCBuildConfiguration;
			buildSettings = {
				ALWAYS_SEARCH_USER_PATHS = NO;
				CLANG_ANALYZER_NONNULL = YES;
				CLANG_ANALYZER_NUMBER_OBJECT_CONVERSION = YES_AGGRESSIVE;
				CLANG_CXX_LANGUAGE_STANDARD = "gnu++14";
				CLANG_CXX_LIBRARY = "libc++";
				CLANG_ENABLE_MODULES = YES;
				CLANG_ENABLE_OBJC_ARC = YES;
				CLANG_ENABLE_OBJC_WEAK = YES;
				CLANG_WARN_BLOCK_CAPTURE_AUTORELEASING = YES;
				CLANG_WARN_BOOL_CONVERSION = YES;
				CLANG_WARN_COMMA = YES;
				CLANG_WARN_CONSTANT_CONVERSION = YES;
				CLANG_WARN_DEPRECATED_OBJC_IMPLEMENTATIONS = YES;
				CLANG_WARN_DIRECT_OBJC_ISA_USAGE = YES_ERROR;
				CLANG_WARN_DOCUMENTATION_COMMENTS = YES;
				CLANG_WARN_EMPTY_BODY = YES;
				CLANG_WARN_ENUM_CONVERSION = YES;
				CLANG_WARN_INFINITE_RECURSION = YES;
				CLANG_WARN_INT_CONVERSION = YES;
				CLANG_WARN_NON_LITERAL_NULL_CONVERSION = YES;
				CLANG_WARN_OBJC_IMPLICIT_RETAIN_SELF = YES;
				CLANG_WARN_OBJC_LITERAL_CONVERSION = YES;
				CLANG_WARN_OBJC_ROOT_CLASS = YES_ERROR;
				CLANG_WARN_QUOTED_INCLUDE_IN_FRAMEWORK_HEADER = YES;
				CLANG_WARN_RANGE_LOOP_ANALYSIS = YES;
				CLANG_WARN_STRICT_PROTOTYPES = YES;
				CLANG_WARN_SUSPICIOUS_MOVE = YES;
				CLANG_WARN_UNGUARDED_AVAILABILITY = YES_AGGRESSIVE;
				CLANG_WARN_UNREACHABLE_CODE = YES;
				CLANG_WARN__DUPLICATE_METHOD_MATCH = YES;
				COPY_PHASE_STRIP = NO;
				DEBUG_INFORMATION_FORMAT = dwarf;
				ENABLE_STRICT_OBJC_MSGSEND = YES;
				ENABLE_TESTABILITY = YES;
				GCC_C_LANGUAGE_STANDARD = gnu11;
				GCC_DYNAMIC_NO_PIC = NO;
				GCC_NO_COMMON_BLOCKS = YES;
				GCC_OPTIMIZATION_LEVEL = 0;
				GCC_PREPROCESSOR_DEFINITIONS = (
					"DEBUG=1",
					"$(inherited)",
				);
				GCC_WARN_64_TO_32_BIT_CONVERSION = YES;
				GCC_WARN_ABOUT_RETURN_TYPE = YES_ERROR;
				GCC_WARN_UNDECLARED_SELECTOR = YES;
				GCC_WARN_UNINITIALIZED_AUTOS = YES_AGGRESSIVE;
				GCC_WARN_UNUSED_FUNCTION = YES;
				GCC_WARN_UNUSED_VARIABLE = YES;
				MACOSX_DEPLOYMENT_TARGET = 10.15;
				MTL_ENABLE_DEBUG_INFO = INCLUDE_SOURCE;
				MTL_FAST_MATH = YES;
				ONLY_ACTIVE_ARCH = YES;
				SDKROOT = macosx;
			};
			name = Debug;
		};
		5F328553261CE91600CABD04 /* Release */ = {
			isa = XCBuildConfiguration;
			buildSettings = {
				ALWAYS_SEARCH_USER_PATHS = NO;
				CLANG_ANALYZER_NONNULL = YES;
				CLANG_ANALYZER_NUMBER_OBJECT_CONVERSION = YES_AGGRESSIVE;
				CLANG_CXX_LANGUAGE_STANDARD = "gnu++14";
				CLANG_CXX_LIBRARY = "libc++";
				CLANG_ENABLE_MODULES = YES;
				CLANG_ENABLE_OBJC_ARC = YES;
				CLANG_ENABLE_OBJC_WEAK = YES;
				CLANG_WARN_BLOCK_CAPTURE_AUTORELEASING = YES;
				CLANG_WARN_BOOL_CONVERSION = YES;
				CLANG_WARN_COMMA = YES;
				CLANG_WARN_CONSTANT_CONVERSION = YES;
				CLANG_WARN_DEPRECATED_OBJC_IMPLEMENTATIONS = YES;
				CLANG_WARN_DIRECT_OBJC_ISA_USAGE = YES_ERROR;
				CLANG_WARN_DOCUMENTATION_COMMENTS = YES;
				CLANG_WARN_EMPTY_BODY = YES;
				CLANG_WARN_ENUM_CONVERSION = YES;
				CLANG_WARN_INFINITE_RECURSION = YES;
				CLANG_WARN_INT_CONVERSION = YES;
				CLANG_WARN_NON_LITERAL_NULL_CONVERSION = YES;
				CLANG_WARN_OBJC_IMPLICIT_RETAIN_SELF = YES;
				CLANG_WARN_OBJC_LITERAL_CONVERSION = YES;
				CLANG_WARN_OBJC_ROOT_CLASS = YES_ERROR;
				CLANG_WARN_QUOTED_INCLUDE_IN_FRAMEWORK_HEADER = YES;
				CLANG_WARN_RANGE_LOOP_ANALYSIS = YES;
				CLANG_WARN_STRICT_PROTOTYPES = YES;
				CLANG_WARN_SUSPICIOUS_MOVE = YES;
				CLANG_WARN_UNGUARDED_AVAILABILITY = YES_AGGRESSIVE;
				CLANG_WARN_UNREACHABLE_CODE = YES;
				CLANG_WARN__DUPLICATE_METHOD_MATCH = YES;
				COPY_PHASE_STRIP = NO;
				DEBUG_INFORMATION_FORMAT = "dwarf-with-dsym";
				ENABLE_NS_ASSERTIONS = NO;
				ENABLE_STRICT_OBJC_MSGSEND = YES;
				GCC_C_LANGUAGE_STANDARD = gnu11;
				GCC_NO_COMMON_BLOCKS = YES;
				GCC_WARN_64_TO_32_BIT_CONVERSION = YES;
				GCC_WARN_ABOUT_RETURN_TYPE = YES_ERROR;
				GCC_WARN_UNDECLARED_SELECTOR = YES;
				GCC_WARN_UNINITIALIZED_AUTOS = YES_AGGRESSIVE;
				GCC_WARN_UNUSED_FUNCTION = YES;
				GCC_WARN_UNUSED_VARIABLE = YES;
				MACOSX_DEPLOYMENT_TARGET = 10.15;
				MTL_ENABLE_DEBUG_INFO = NO;
				MTL_FAST_MATH = YES;
				SDKROOT = macosx;
			};
			name = Release;
		};
		5F328555261CE91600CABD04 /* Debug */ = {
			isa = XCBuildConfiguration;
			baseConfigurationReference = 79966D0A2DF1D1676C31BAED /* Pods-hopper_helper.debug.xcconfig */;
			buildSettings = {
				CODE_SIGN_STYLE = Automatic;
				DEVELOPMENT_TEAM = 44L979X757;
				DYLIB_COMPATIBILITY_VERSION = 1;
				DYLIB_CURRENT_VERSION = 1;
				EXECUTABLE_PREFIX = lib;
				PRODUCT_NAME = "$(TARGET_NAME)";
				SKIP_INSTALL = YES;
			};
			name = Debug;
		};
		5F328556261CE91600CABD04 /* Release */ = {
			isa = XCBuildConfiguration;
			baseConfigurationReference = 62335AFBE08F27E997628E29 /* Pods-hopper_helper.release.xcconfig */;
			buildSettings = {
				CODE_SIGN_STYLE = Automatic;
				DEVELOPMENT_TEAM = 44L979X757;
				DYLIB_COMPATIBILITY_VERSION = 1;
				DYLIB_CURRENT_VERSION = 1;
				EXECUTABLE_PREFIX = lib;
				PRODUCT_NAME = "$(TARGET_NAME)";
				SKIP_INSTALL = YES;
			};
			name = Release;
		};
		5FCA9B4A2622CE140054C807 /* Debug */ = {
			isa = XCBuildConfiguration;
			buildSettings = {
				CODE_SIGN_STYLE = Automatic;
				DEVELOPMENT_TEAM = 44L979X757;
				DYLIB_COMPATIBILITY_VERSION = 1;
				DYLIB_CURRENT_VERSION = 1;
				EXECUTABLE_PREFIX = lib;
				PRODUCT_NAME = "$(TARGET_NAME)";
				SKIP_INSTALL = YES;
			};
			name = Debug;
		};
		5FCA9B4B2622CE140054C807 /* Release */ = {
			isa = XCBuildConfiguration;
			buildSettings = {
				CODE_SIGN_STYLE = Automatic;
				DEVELOPMENT_TEAM = 44L979X757;
				DYLIB_COMPATIBILITY_VERSION = 1;
				DYLIB_CURRENT_VERSION = 1;
				EXECUTABLE_PREFIX = lib;
				PRODUCT_NAME = "$(TARGET_NAME)";
				SKIP_INSTALL = YES;
			};
			name = Release;
		};
/* End XCBuildConfiguration section */

/* Begin XCConfigurationList section */
		5F328546261CE91600CABD04 /* Build configuration list for PBXProject "hopper_helper" */ = {
			isa = XCConfigurationList;
			buildConfigurations = (
				5F328552261CE91600CABD04 /* Debug */,
				5F328553261CE91600CABD04 /* Release */,
			);
			defaultConfigurationIsVisible = 0;
			defaultConfigurationName = Release;
		};
		5F328554261CE91600CABD04 /* Build configuration list for PBXNativeTarget "hopper_helper" */ = {
			isa = XCConfigurationList;
			buildConfigurations = (
				5F328555261CE91600CABD04 /* Debug */,
				5F328556261CE91600CABD04 /* Release */,
			);
			defaultConfigurationIsVisible = 0;
			defaultConfigurationName = Release;
		};
		5FCA9B492622CE140054C807 /* Build configuration list for PBXNativeTarget "launcher" */ = {
			isa = XCConfigurationList;
			buildConfigurations = (
				5FCA9B4A2622CE140054C807 /* Debug */,
				5FCA9B4B2622CE140054C807 /* Release */,
			);
			defaultConfigurationIsVisible = 0;
			defaultConfigurationName = Release;
		};
/* End XCConfigurationList section */
	};
	rootObject = 5F328543261CE91600CABD04 /* Project object */;
}
